// !$*UTF8*$!
{
	archiveVersion = 1;
	classes = {
	};
	objectVersion = 55;
	objects = {

/* Begin PBXBuildFile section */
		D320A85A2889C7ED00BDFB22 /* AppDelegate.swift in Sources */ = {isa = PBXBuildFile; fileRef = D320A8592889C7ED00BDFB22 /* AppDelegate.swift */; };
		D320A85C2889C7ED00BDFB22 /* SceneDelegate.swift in Sources */ = {isa = PBXBuildFile; fileRef = D320A85B2889C7ED00BDFB22 /* SceneDelegate.swift */; };
		D320A85E2889C7ED00BDFB22 /* ViewController.swift in Sources */ = {isa = PBXBuildFile; fileRef = D320A85D2889C7ED00BDFB22 /* ViewController.swift */; };
		D320A8612889C7ED00BDFB22 /* Main.storyboard in Resources */ = {isa = PBXBuildFile; fileRef = D320A85F2889C7ED00BDFB22 /* Main.storyboard */; };
		D320A8642889C7ED00BDFB22 /* NewsApp.xcdatamodeld in Sources */ = {isa = PBXBuildFile; fileRef = D320A8622889C7ED00BDFB22 /* NewsApp.xcdatamodeld */; };
		D320A8662889C7EF00BDFB22 /* Assets.xcassets in Resources */ = {isa = PBXBuildFile; fileRef = D320A8652889C7EF00BDFB22 /* Assets.xcassets */; };
		D320A8692889C7EF00BDFB22 /* LaunchScreen.storyboard in Resources */ = {isa = PBXBuildFile; fileRef = D320A8672889C7EF00BDFB22 /* LaunchScreen.storyboard */; };
		D320A8742889C7EF00BDFB22 /* NewsAppTests.swift in Sources */ = {isa = PBXBuildFile; fileRef = D320A8732889C7EF00BDFB22 /* NewsAppTests.swift */; };
		D320A87E2889C7EF00BDFB22 /* NewsAppUITests.swift in Sources */ = {isa = PBXBuildFile; fileRef = D320A87D2889C7EF00BDFB22 /* NewsAppUITests.swift */; };
		D320A8802889C7EF00BDFB22 /* NewsAppUITestsLaunchTests.swift in Sources */ = {isa = PBXBuildFile; fileRef = D320A87F2889C7EF00BDFB22 /* NewsAppUITestsLaunchTests.swift */; };
/* End PBXBuildFile section */

/* Begin PBXContainerItemProxy section */
		D320A8702889C7EF00BDFB22 /* PBXContainerItemProxy */ = {
			isa = PBXContainerItemProxy;
			containerPortal = D320A84E2889C7ED00BDFB22 /* Project object */;
			proxyType = 1;
			remoteGlobalIDString = D320A8552889C7ED00BDFB22;
			remoteInfo = NewsApp;
		};
		D320A87A2889C7EF00BDFB22 /* PBXContainerItemProxy */ = {
			isa = PBXContainerItemProxy;
			containerPortal = D320A84E2889C7ED00BDFB22 /* Project object */;
			proxyType = 1;
			remoteGlobalIDString = D320A8552889C7ED00BDFB22;
			remoteInfo = NewsApp;
		};
/* End PBXContainerItemProxy section */

/* Begin PBXFileReference section */
		D320A8562889C7ED00BDFB22 /* NewsApp.app */ = {isa = PBXFileReference; explicitFileType = wrapper.application; includeInIndex = 0; path = NewsApp.app; sourceTree = BUILT_PRODUCTS_DIR; };
		D320A8592889C7ED00BDFB22 /* AppDelegate.swift */ = {isa = PBXFileReference; lastKnownFileType = sourcecode.swift; path = AppDelegate.swift; sourceTree = "<group>"; };
		D320A85B2889C7ED00BDFB22 /* SceneDelegate.swift */ = {isa = PBXFileReference; lastKnownFileType = sourcecode.swift; path = SceneDelegate.swift; sourceTree = "<group>"; };
		D320A85D2889C7ED00BDFB22 /* ViewController.swift */ = {isa = PBXFileReference; lastKnownFileType = sourcecode.swift; path = ViewController.swift; sourceTree = "<group>"; };
		D320A8602889C7ED00BDFB22 /* Base */ = {isa = PBXFileReference; lastKnownFileType = file.storyboard; name = Base; path = Base.lproj/Main.storyboard; sourceTree = "<group>"; };
		D320A8632889C7ED00BDFB22 /* NewsApp.xcdatamodel */ = {isa = PBXFileReference; lastKnownFileType = wrapper.xcdatamodel; path = NewsApp.xcdatamodel; sourceTree = "<group>"; };
		D320A8652889C7EF00BDFB22 /* Assets.xcassets */ = {isa = PBXFileReference; lastKnownFileType = folder.assetcatalog; path = Assets.xcassets; sourceTree = "<group>"; };
		D320A8682889C7EF00BDFB22 /* Base */ = {isa = PBXFileReference; lastKnownFileType = file.storyboard; name = Base; path = Base.lproj/LaunchScreen.storyboard; sourceTree = "<group>"; };
		D320A86A2889C7EF00BDFB22 /* Info.plist */ = {isa = PBXFileReference; lastKnownFileType = text.plist.xml; path = Info.plist; sourceTree = "<group>"; };
		D320A86F2889C7EF00BDFB22 /* NewsAppTests.xctest */ = {isa = PBXFileReference; explicitFileType = wrapper.cfbundle; includeInIndex = 0; path = NewsAppTests.xctest; sourceTree = BUILT_PRODUCTS_DIR; };
		D320A8732889C7EF00BDFB22 /* NewsAppTests.swift */ = {isa = PBXFileReference; lastKnownFileType = sourcecode.swift; path = NewsAppTests.swift; sourceTree = "<group>"; };
		D320A8792889C7EF00BDFB22 /* NewsAppUITests.xctest */ = {isa = PBXFileReference; explicitFileType = wrapper.cfbundle; includeInIndex = 0; path = NewsAppUITests.xctest; sourceTree = BUILT_PRODUCTS_DIR; };
		D320A87D2889C7EF00BDFB22 /* NewsAppUITests.swift */ = {isa = PBXFileReference; lastKnownFileType = sourcecode.swift; path = NewsAppUITests.swift; sourceTree = "<group>"; };
		D320A87F2889C7EF00BDFB22 /* NewsAppUITestsLaunchTests.swift */ = {isa = PBXFileReference; lastKnownFileType = sourcecode.swift; path = NewsAppUITestsLaunchTests.swift; sourceTree = "<group>"; };
/* End PBXFileReference section */

/* Begin PBXFrameworksBuildPhase section */
		D320A8532889C7ED00BDFB22 /* Frameworks */ = {
			isa = PBXFrameworksBuildPhase;
			buildActionMask = 2147483647;
			files = (
			);
			runOnlyForDeploymentPostprocessing = 0;
		};
		D320A86C2889C7EF00BDFB22 /* Frameworks */ = {
			isa = PBXFrameworksBuildPhase;
			buildActionMask = 2147483647;
			files = (
			);
			runOnlyForDeploymentPostprocessing = 0;
		};
		D320A8762889C7EF00BDFB22 /* Frameworks */ = {
			isa = PBXFrameworksBuildPhase;
			buildActionMask = 2147483647;
			files = (
			);
			runOnlyForDeploymentPostprocessing = 0;
		};
/* End PBXFrameworksBuildPhase section */

/* Begin PBXGroup section */
		D320A84D2889C7ED00BDFB22 = {
			isa = PBXGroup;
			children = (
				D320A8582889C7ED00BDFB22 /* NewsApp */,
				D320A8722889C7EF00BDFB22 /* NewsAppTests */,
				D320A87C2889C7EF00BDFB22 /* NewsAppUITests */,
				D320A8572889C7ED00BDFB22 /* Products */,
			);
			sourceTree = "<group>";
		};
		D320A8572889C7ED00BDFB22 /* Products */ = {
			isa = PBXGroup;
			children = (
				D320A8562889C7ED00BDFB22 /* NewsApp.app */,
				D320A86F2889C7EF00BDFB22 /* NewsAppTests.xctest */,
				D320A8792889C7EF00BDFB22 /* NewsAppUITests.xctest */,
			);
			name = Products;
			sourceTree = "<group>";
		};
		D320A8582889C7ED00BDFB22 /* NewsApp */ = {
			isa = PBXGroup;
			children = (
				D320A8592889C7ED00BDFB22 /* AppDelegate.swift */,
				D320A85B2889C7ED00BDFB22 /* SceneDelegate.swift */,
				D320A85D2889C7ED00BDFB22 /* ViewController.swift */,
				D320A85F2889C7ED00BDFB22 /* Main.storyboard */,
				D320A8652889C7EF00BDFB22 /* Assets.xcassets */,
				D320A8672889C7EF00BDFB22 /* LaunchScreen.storyboard */,
				D320A86A2889C7EF00BDFB22 /* Info.plist */,
				D320A8622889C7ED00BDFB22 /* NewsApp.xcdatamodeld */,
			);
			path = NewsApp;
			sourceTree = "<group>";
		};
		D320A8722889C7EF00BDFB22 /* NewsAppTests */ = {
			isa = PBXGroup;
			children = (
				D320A8732889C7EF00BDFB22 /* NewsAppTests.swift */,
			);
			path = NewsAppTests;
			sourceTree = "<group>";
		};
		D320A87C2889C7EF00BDFB22 /* NewsAppUITests */ = {
			isa = PBXGroup;
			children = (
				D320A87D2889C7EF00BDFB22 /* NewsAppUITests.swift */,
				D320A87F2889C7EF00BDFB22 /* NewsAppUITestsLaunchTests.swift */,
			);
			path = NewsAppUITests;
			sourceTree = "<group>";
		};
/* End PBXGroup section */

/* Begin PBXNativeTarget section */
		D320A8552889C7ED00BDFB22 /* NewsApp */ = {
			isa = PBXNativeTarget;
			buildConfigurationList = D320A8832889C7EF00BDFB22 /* Build configuration list for PBXNativeTarget "NewsApp" */;
			buildPhases = (
				D320A8522889C7ED00BDFB22 /* Sources */,
				D320A8532889C7ED00BDFB22 /* Frameworks */,
				D320A8542889C7ED00BDFB22 /* Resources */,
			);
			buildRules = (
			);
			dependencies = (
			);
			name = NewsApp;
			productName = NewsApp;
			productReference = D320A8562889C7ED00BDFB22 /* NewsApp.app */;
			productType = "com.apple.product-type.application";
		};
		D320A86E2889C7EF00BDFB22 /* NewsAppTests */ = {
			isa = PBXNativeTarget;
			buildConfigurationList = D320A8862889C7EF00BDFB22 /* Build configuration list for PBXNativeTarget "NewsAppTests" */;
			buildPhases = (
				D320A86B2889C7EF00BDFB22 /* Sources */,
				D320A86C2889C7EF00BDFB22 /* Frameworks */,
				D320A86D2889C7EF00BDFB22 /* Resources */,
			);
			buildRules = (
			);
			dependencies = (
				D320A8712889C7EF00BDFB22 /* PBXTargetDependency */,
			);
			name = NewsAppTests;
			productName = NewsAppTests;
			productReference = D320A86F2889C7EF00BDFB22 /* NewsAppTests.xctest */;
			productType = "com.apple.product-type.bundle.unit-test";
		};
		D320A8782889C7EF00BDFB22 /* NewsAppUITests */ = {
			isa = PBXNativeTarget;
			buildConfigurationList = D320A8892889C7EF00BDFB22 /* Build configuration list for PBXNativeTarget "NewsAppUITests" */;
			buildPhases = (
				D320A8752889C7EF00BDFB22 /* Sources */,
				D320A8762889C7EF00BDFB22 /* Frameworks */,
				D320A8772889C7EF00BDFB22 /* Resources */,
			);
			buildRules = (
			);
			dependencies = (
				D320A87B2889C7EF00BDFB22 /* PBXTargetDependency */,
			);
			name = NewsAppUITests;
			productName = NewsAppUITests;
			productReference = D320A8792889C7EF00BDFB22 /* NewsAppUITests.xctest */;
			productType = "com.apple.product-type.bundle.ui-testing";
		};
/* End PBXNativeTarget section */

/* Begin PBXProject section */
		D320A84E2889C7ED00BDFB22 /* Project object */ = {
			isa = PBXProject;
			attributes = {
				BuildIndependentTargetsInParallel = 1;
				LastSwiftUpdateCheck = 1340;
				LastUpgradeCheck = 1340;
				TargetAttributes = {
					D320A8552889C7ED00BDFB22 = {
						CreatedOnToolsVersion = 13.4;
					};
					D320A86E2889C7EF00BDFB22 = {
						CreatedOnToolsVersion = 13.4;
						TestTargetID = D320A8552889C7ED00BDFB22;
					};
					D320A8782889C7EF00BDFB22 = {
						CreatedOnToolsVersion = 13.4;
						TestTargetID = D320A8552889C7ED00BDFB22;
					};
				};
			};
			buildConfigurationList = D320A8512889C7ED00BDFB22 /* Build configuration list for PBXProject "NewsApp" */;
			compatibilityVersion = "Xcode 13.0";
			developmentRegion = en;
			hasScannedForEncodings = 0;
			knownRegions = (
				en,
				Base,
			);
			mainGroup = D320A84D2889C7ED00BDFB22;
			productRefGroup = D320A8572889C7ED00BDFB22 /* Products */;
			projectDirPath = "";
			projectRoot = "";
			targets = (
				D320A8552889C7ED00BDFB22 /* NewsApp */,
				D320A86E2889C7EF00BDFB22 /* NewsAppTests */,
				D320A8782889C7EF00BDFB22 /* NewsAppUITests */,
			);
		};
/* End PBXProject section */

/* Begin PBXResourcesBuildPhase section */
		D320A8542889C7ED00BDFB22 /* Resources */ = {
			isa = PBXResourcesBuildPhase;
			buildActionMask = 2147483647;
			files = (
				D320A8692889C7EF00BDFB22 /* LaunchScreen.storyboard in Resources */,
				D320A8662889C7EF00BDFB22 /* Assets.xcassets in Resources */,
				D320A8612889C7ED00BDFB22 /* Main.storyboard in Resources */,
			);
			runOnlyForDeploymentPostprocessing = 0;
		};
		D320A86D2889C7EF00BDFB22 /* Resources */ = {
			isa = PBXResourcesBuildPhase;
			buildActionMask = 2147483647;
			files = (
			);
			runOnlyForDeploymentPostprocessing = 0;
		};
		D320A8772889C7EF00BDFB22 /* Resources */ = {
			isa = PBXResourcesBuildPhase;
			buildActionMask = 2147483647;
			files = (
			);
			runOnlyForDeploymentPostprocessing = 0;
		};
/* End PBXResourcesBuildPhase section */

/* Begin PBXSourcesBuildPhase section */
		D320A8522889C7ED00BDFB22 /* Sources */ = {
			isa = PBXSourcesBuildPhase;
			buildActionMask = 2147483647;
			files = (
				D320A85E2889C7ED00BDFB22 /* ViewController.swift in Sources */,
				D320A85A2889C7ED00BDFB22 /* AppDelegate.swift in Sources */,
				D320A8642889C7ED00BDFB22 /* NewsApp.xcdatamodeld in Sources */,
				D320A85C2889C7ED00BDFB22 /* SceneDelegate.swift in Sources */,
			);
			runOnlyForDeploymentPostprocessing = 0;
		};
		D320A86B2889C7EF00BDFB22 /* Sources */ = {
			isa = PBXSourcesBuildPhase;
			buildActionMask = 2147483647;
			files = (
				D320A8742889C7EF00BDFB22 /* NewsAppTests.swift in Sources */,
			);
			runOnlyForDeploymentPostprocessing = 0;
		};
		D320A8752889C7EF00BDFB22 /* Sources */ = {
			isa = PBXSourcesBuildPhase;
			buildActionMask = 2147483647;
			files = (
				D320A87E2889C7EF00BDFB22 /* NewsAppUITests.swift in Sources */,
				D320A8802889C7EF00BDFB22 /* NewsAppUITestsLaunchTests.swift in Sources */,
			);
			runOnlyForDeploymentPostprocessing = 0;
		};
/* End PBXSourcesBuildPhase section */

/* Begin PBXTargetDependency section */
		D320A8712889C7EF00BDFB22 /* PBXTargetDependency */ = {
			isa = PBXTargetDependency;
			target = D320A8552889C7ED00BDFB22 /* NewsApp */;
			targetProxy = D320A8702889C7EF00BDFB22 /* PBXContainerItemProxy */;
		};
		D320A87B2889C7EF00BDFB22 /* PBXTargetDependency */ = {
			isa = PBXTargetDependency;
			target = D320A8552889C7ED00BDFB22 /* NewsApp */;
			targetProxy = D320A87A2889C7EF00BDFB22 /* PBXContainerItemProxy */;
		};
/* End PBXTargetDependency section */

/* Begin PBXVariantGroup section */
		D320A85F2889C7ED00BDFB22 /* Main.storyboard */ = {
			isa = PBXVariantGroup;
			children = (
				D320A8602889C7ED00BDFB22 /* Base */,
			);
			name = Main.storyboard;
			sourceTree = "<group>";
		};
		D320A8672889C7EF00BDFB22 /* LaunchScreen.storyboard */ = {
			isa = PBXVariantGroup;
			children = (
				D320A8682889C7EF00BDFB22 /* Base */,
			);
			name = LaunchScreen.storyboard;
			sourceTree = "<group>";
		};
/* End PBXVariantGroup section */

/* Begin XCBuildConfiguration section */
		D320A8812889C7EF00BDFB22 /* Debug */ = {
			isa = XCBuildConfiguration;
			buildSettings = {
				ALWAYS_SEARCH_USER_PATHS = NO;
				CLANG_ANALYZER_NONNULL = YES;
				CLANG_ANALYZER_NUMBER_OBJECT_CONVERSION = YES_AGGRESSIVE;
				CLANG_CXX_LANGUAGE_STANDARD = "gnu++17";
				CLANG_ENABLE_MODULES = YES;
				CLANG_ENABLE_OBJC_ARC = YES;
				CLANG_ENABLE_OBJC_WEAK = YES;
				CLANG_WARN_BLOCK_CAPTURE_AUTORELEASING = YES;
				CLANG_WARN_BOOL_CONVERSION = YES;
				CLANG_WARN_COMMA = YES;
				CLANG_WARN_CONSTANT_CONVERSION = YES;
				CLANG_WARN_DEPRECATED_OBJC_IMPLEMENTATIONS = YES;
				CLANG_WARN_DIRECT_OBJC_ISA_USAGE = YES_ERROR;
				CLANG_WARN_DOCUMENTATION_COMMENTS = YES;
				CLANG_WARN_EMPTY_BODY = YES;
				CLANG_WARN_ENUM_CONVERSION = YES;
				CLANG_WARN_INFINITE_RECURSION = YES;
				CLANG_WARN_INT_CONVERSION = YES;
				CLANG_WARN_NON_LITERAL_NULL_CONVERSION = YES;
				CLANG_WARN_OBJC_IMPLICIT_RETAIN_SELF = YES;
				CLANG_WARN_OBJC_LITERAL_CONVERSION = YES;
				CLANG_WARN_OBJC_ROOT_CLASS = YES_ERROR;
				CLANG_WARN_QUOTED_INCLUDE_IN_FRAMEWORK_HEADER = YES;
				CLANG_WARN_RANGE_LOOP_ANALYSIS = YES;
				CLANG_WARN_STRICT_PROTOTYPES = YES;
				CLANG_WARN_SUSPICIOUS_MOVE = YES;
				CLANG_WARN_UNGUARDED_AVAILABILITY = YES_AGGRESSIVE;
				CLANG_WARN_UNREACHABLE_CODE = YES;
				CLANG_WARN__DUPLICATE_METHOD_MATCH = YES;
				COPY_PHASE_STRIP = NO;
				DEBUG_INFORMATION_FORMAT = dwarf;
				ENABLE_STRICT_OBJC_MSGSEND = YES;
				ENABLE_TESTABILITY = YES;
				GCC_C_LANGUAGE_STANDARD = gnu11;
				GCC_DYNAMIC_NO_PIC = NO;
				GCC_NO_COMMON_BLOCKS = YES;
				GCC_OPTIMIZATION_LEVEL = 0;
				GCC_PREPROCESSOR_DEFINITIONS = (
					"DEBUG=1",
					"$(inherited)",
				);
				GCC_WARN_64_TO_32_BIT_CONVERSION = YES;
				GCC_WARN_ABOUT_RETURN_TYPE = YES_ERROR;
				GCC_WARN_UNDECLARED_SELECTOR = YES;
				GCC_WARN_UNINITIALIZED_AUTOS = YES_AGGRESSIVE;
				GCC_WARN_UNUSED_FUNCTION = YES;
				GCC_WARN_UNUSED_VARIABLE = YES;
				IPHONEOS_DEPLOYMENT_TARGET = 15.5;
				MTL_ENABLE_DEBUG_INFO = INCLUDE_SOURCE;
				MTL_FAST_MATH = YES;
				ONLY_ACTIVE_ARCH = YES;
				SDKROOT = iphoneos;
				SWIFT_ACTIVE_COMPILATION_CONDITIONS = DEBUG;
				SWIFT_OPTIMIZATION_LEVEL = "-Onone";
			};
			name = Debug;
		};
		D320A8822889C7EF00BDFB22 /* Release */ = {
			isa = XCBuildConfiguration;
			buildSettings = {
				ALWAYS_SEARCH_USER_PATHS = NO;
				CLANG_ANALYZER_NONNULL = YES;
				CLANG_ANALYZER_NUMBER_OBJECT_CONVERSION = YES_AGGRESSIVE;
				CLANG_CXX_LANGUAGE_STANDARD = "gnu++17";
				CLANG_ENABLE_MODULES = YES;
				CLANG_ENABLE_OBJC_ARC = YES;
				CLANG_ENABLE_OBJC_WEAK = YES;
				CLANG_WARN_BLOCK_CAPTURE_AUTORELEASING = YES;
				CLANG_WARN_BOOL_CONVERSION = YES;
				CLANG_WARN_COMMA = YES;
				CLANG_WARN_CONSTANT_CONVERSION = YES;
				CLANG_WARN_DEPRECATED_OBJC_IMPLEMENTATIONS = YES;
				CLANG_WARN_DIRECT_OBJC_ISA_USAGE = YES_ERROR;
				CLANG_WARN_DOCUMENTATION_COMMENTS = YES;
				CLANG_WARN_EMPTY_BODY = YES;
				CLANG_WARN_ENUM_CONVERSION = YES;
				CLANG_WARN_INFINITE_RECURSION = YES;
				CLANG_WARN_INT_CONVERSION = YES;
				CLANG_WARN_NON_LITERAL_NULL_CONVERSION = YES;
				CLANG_WARN_OBJC_IMPLICIT_RETAIN_SELF = YES;
				CLANG_WARN_OBJC_LITERAL_CONVERSION = YES;
				CLANG_WARN_OBJC_ROOT_CLASS = YES_ERROR;
				CLANG_WARN_QUOTED_INCLUDE_IN_FRAMEWORK_HEADER = YES;
				CLANG_WARN_RANGE_LOOP_ANALYSIS = YES;
				CLANG_WARN_STRICT_PROTOTYPES = YES;
				CLANG_WARN_SUSPICIOUS_MOVE = YES;
				CLANG_WARN_UNGUARDED_AVAILABILITY = YES_AGGRESSIVE;
				CLANG_WARN_UNREACHABLE_CODE = YES;
				CLANG_WARN__DUPLICATE_METHOD_MATCH = YES;
				COPY_PHASE_STRIP = NO;
				DEBUG_INFORMATION_FORMAT = "dwarf-with-dsym";
				ENABLE_NS_ASSERTIONS = NO;
				ENABLE_STRICT_OBJC_MSGSEND = YES;
				GCC_C_LANGUAGE_STANDARD = gnu11;
				GCC_NO_COMMON_BLOCKS = YES;
				GCC_WARN_64_TO_32_BIT_CONVERSION = YES;
				GCC_WARN_ABOUT_RETURN_TYPE = YES_ERROR;
				GCC_WARN_UNDECLARED_SELECTOR = YES;
				GCC_WARN_UNINITIALIZED_AUTOS = YES_AGGRESSIVE;
				GCC_WARN_UNUSED_FUNCTION = YES;
				GCC_WARN_UNUSED_VARIABLE = YES;
				IPHONEOS_DEPLOYMENT_TARGET = 15.5;
				MTL_ENABLE_DEBUG_INFO = NO;
				MTL_FAST_MATH = YES;
				SDKROOT = iphoneos;
				SWIFT_COMPILATION_MODE = wholemodule;
				SWIFT_OPTIMIZATION_LEVEL = "-O";
				VALIDATE_PRODUCT = YES;
			};
			name = Release;
		};
		D320A8842889C7EF00BDFB22 /* Debug */ = {
			isa = XCBuildConfiguration;
			buildSettings = {
				ASSETCATALOG_COMPILER_APPICON_NAME = AppIcon;
				ASSETCATALOG_COMPILER_GLOBAL_ACCENT_COLOR_NAME = AccentColor;
				CODE_SIGN_STYLE = Automatic;
				CURRENT_PROJECT_VERSION = 1;
				GENERATE_INFOPLIST_FILE = YES;
				INFOPLIST_FILE = NewsApp/Info.plist;
				INFOPLIST_KEY_UIApplicationSupportsIndirectInputEvents = YES;
				INFOPLIST_KEY_UILaunchStoryboardName = LaunchScreen;
				INFOPLIST_KEY_UIMainStoryboardFile = Main;
				INFOPLIST_KEY_UISupportedInterfaceOrientations = UIInterfaceOrientationPortrait;
				INFOPLIST_KEY_UISupportedInterfaceOrientations_iPad = "UIInterfaceOrientationPortrait UIInterfaceOrientationPortraitUpsideDown UIInterfaceOrientationLandscapeLeft UIInterfaceOrientationLandscapeRight";
				INFOPLIST_KEY_UISupportedInterfaceOrientations_iPhone = "UIInterfaceOrientationPortrait UIInterfaceOrientationLandscapeLeft UIInterfaceOrientationLandscapeRight";
				LD_RUNPATH_SEARCH_PATHS = (
					"$(inherited)",
					"@executable_path/Frameworks",
				);
				MARKETING_VERSION = 1.0;
				PRODUCT_BUNDLE_IDENTIFIER = com.test.newsapp.NewsApp;
				PRODUCT_NAME = "$(TARGET_NAME)";
				SWIFT_EMIT_LOC_STRINGS = YES;
				SWIFT_VERSION = 5.0;
				TARGETED_DEVICE_FAMILY = 1;
			};
			name = Debug;
		};
		D320A8852889C7EF00BDFB22 /* Release */ = {
			isa = XCBuildConfiguration;
			buildSettings = {
				ASSETCATALOG_COMPILER_APPICON_NAME = AppIcon;
				ASSETCATALOG_COMPILER_GLOBAL_ACCENT_COLOR_NAME = AccentColor;
				CODE_SIGN_STYLE = Automatic;
				CURRENT_PROJECT_VERSION = 1;
				GENERATE_INFOPLIST_FILE = YES;
				INFOPLIST_FILE = NewsApp/Info.plist;
				INFOPLIST_KEY_UIApplicationSupportsIndirectInputEvents = YES;
				INFOPLIST_KEY_UILaunchStoryboardName = LaunchScreen;
				INFOPLIST_KEY_UIMainStoryboardFile = Main;
				INFOPLIST_KEY_UISupportedInterfaceOrientations = UIInterfaceOrientationPortrait;
				INFOPLIST_KEY_UISupportedInterfaceOrientations_iPad = "UIInterfaceOrientationPortrait UIInterfaceOrientationPortraitUpsideDown UIInterfaceOrientationLandscapeLeft UIInterfaceOrientationLandscapeRight";
				INFOPLIST_KEY_UISupportedInterfaceOrientations_iPhone = "UIInterfaceOrientationPortrait UIInterfaceOrientationLandscapeLeft UIInterfaceOrientationLandscapeRight";
				LD_RUNPATH_SEARCH_PATHS = (
					"$(inherited)",
					"@executable_path/Frameworks",
				);
				MARKETING_VERSION = 1.0;
				PRODUCT_BUNDLE_IDENTIFIER = com.test.newsapp.NewsApp;
				PRODUCT_NAME = "$(TARGET_NAME)";
				SWIFT_EMIT_LOC_STRINGS = YES;
				SWIFT_VERSION = 5.0;
				TARGETED_DEVICE_FAMILY = 1;
			};
			name = Release;
		};
		D320A8872889C7EF00BDFB22 /* Debug */ = {
			isa = XCBuildConfiguration;
			buildSettings = {
				ALWAYS_EMBED_SWIFT_STANDARD_LIBRARIES = YES;
				BUNDLE_LOADER = "$(TEST_HOST)";
				CODE_SIGN_STYLE = Automatic;
				CURRENT_PROJECT_VERSION = 1;
				GENERATE_INFOPLIST_FILE = YES;
				IPHONEOS_DEPLOYMENT_TARGET = 15.5;
				MARKETING_VERSION = 1.0;
				PRODUCT_BUNDLE_IDENTIFIER = com.test.newsapp.NewsAppTests;
				PRODUCT_NAME = "$(TARGET_NAME)";
				SWIFT_EMIT_LOC_STRINGS = NO;
				SWIFT_VERSION = 5.0;
				TARGETED_DEVICE_FAMILY = "1,2";
				TEST_HOST = "$(BUILT_PRODUCTS_DIR)/NewsApp.app/NewsApp";
			};
			name = Debug;
		};
		D320A8882889C7EF00BDFB22 /* Release */ = {
			isa = XCBuildConfiguration;
			buildSettings = {
				ALWAYS_EMBED_SWIFT_STANDARD_LIBRARIES = YES;
				BUNDLE_LOADER = "$(TEST_HOST)";
				CODE_SIGN_STYLE = Automatic;
				CURRENT_PROJECT_VERSION = 1;
				GENERATE_INFOPLIST_FILE = YES;
				IPHONEOS_DEPLOYMENT_TARGET = 15.5;
				MARKETING_VERSION = 1.0;
				PRODUCT_BUNDLE_IDENTIFIER = com.test.newsapp.NewsAppTests;
				PRODUCT_NAME = "$(TARGET_NAME)";
				SWIFT_EMIT_LOC_STRINGS = NO;
				SWIFT_VERSION = 5.0;
				TARGETED_DEVICE_FAMILY = "1,2";
				TEST_HOST = "$(BUILT_PRODUCTS_DIR)/NewsApp.app/NewsApp";
			};
			name = Release;
		};
		D320A88A2889C7EF00BDFB22 /* Debug */ = {
			isa = XCBuildConfiguration;
			buildSettings = {
				ALWAYS_EMBED_SWIFT_STANDARD_LIBRARIES = YES;
				CODE_SIGN_STYLE = Automatic;
				CURRENT_PROJECT_VERSION = 1;
				GENERATE_INFOPLIST_FILE = YES;
				MARKETING_VERSION = 1.0;
				PRODUCT_BUNDLE_IDENTIFIER = com.test.newsapp.NewsAppUITests;
				PRODUCT_NAME = "$(TARGET_NAME)";
				SWIFT_EMIT_LOC_STRINGS = NO;
				SWIFT_VERSION = 5.0;
				TARGETED_DEVICE_FAMILY = "1,2";
				TEST_TARGET_NAME = NewsApp;
			};
			name = Debug;
		};
		D320A88B2889C7EF00BDFB22 /* Release */ = {
			isa = XCBuildConfiguration;
			buildSettings = {
				ALWAYS_EMBED_SWIFT_STANDARD_LIBRARIES = YES;
				CODE_SIGN_STYLE = Automatic;
				CURRENT_PROJECT_VERSION = 1;
				GENERATE_INFOPLIST_FILE = YES;
				MARKETING_VERSION = 1.0;
				PRODUCT_BUNDLE_IDENTIFIER = com.test.newsapp.NewsAppUITests;
				PRODUCT_NAME = "$(TARGET_NAME)";
				SWIFT_EMIT_LOC_STRINGS = NO;
				SWIFT_VERSION = 5.0;
				TARGETED_DEVICE_FAMILY = "1,2";
				TEST_TARGET_NAME = NewsApp;
			};
			name = Release;
		};
/* End XCBuildConfiguration section */

/* Begin XCConfigurationList section */
		D320A8512889C7ED00BDFB22 /* Build configuration list for PBXProject "NewsApp" */ = {
			isa = XCConfigurationList;
			buildConfigurations = (
				D320A8812889C7EF00BDFB22 /* Debug */,
				D320A8822889C7EF00BDFB22 /* Release */,
			);
			defaultConfigurationIsVisible = 0;
			defaultConfigurationName = Release;
		};
		D320A8832889C7EF00BDFB22 /* Build configuration list for PBXNativeTarget "NewsApp" */ = {
			isa = XCConfigurationList;
			buildConfigurations = (
				D320A8842889C7EF00BDFB22 /* Debug */,
				D320A8852889C7EF00BDFB22 /* Release */,
			);
			defaultConfigurationIsVisible = 0;
			defaultConfigurationName = Release;
		};
		D320A8862889C7EF00BDFB22 /* Build configuration list for PBXNativeTarget "NewsAppTests" */ = {
			isa = XCConfigurationList;
			buildConfigurations = (
				D320A8872889C7EF00BDFB22 /* Debug */,
				D320A8882889C7EF00BDFB22 /* Release */,
			);
			defaultConfigurationIsVisible = 0;
			defaultConfigurationName = Release;
		};
		D320A8892889C7EF00BDFB22 /* Build configuration list for PBXNativeTarget "NewsAppUITests" */ = {
			isa = XCConfigurationList;
			buildConfigurations = (
				D320A88A2889C7EF00BDFB22 /* Debug */,
				D320A88B2889C7EF00BDFB22 /* Release */,
			);
			defaultConfigurationIsVisible = 0;
			defaultConfigurationName = Release;
		};
/* End XCConfigurationList section */

/* Begin XCVersionGroup section */
		D320A8622889C7ED00BDFB22 /* NewsApp.xcdatamodeld */ = {
			isa = XCVersionGroup;
			children = (
				D320A8632889C7ED00BDFB22 /* NewsApp.xcdatamodel */,
			);
			currentVersion = D320A8632889C7ED00BDFB22 /* NewsApp.xcdatamodel */;
			path = NewsApp.xcdatamodeld;
			sourceTree = "<group>";
			versionGroupType = wrapper.xcdatamodel;
		};
/* End XCVersionGroup section */
	};
	rootObject = D320A84E2889C7ED00BDFB22 /* Project object */;
}
